
Microsoft Visual Studio Solution File, Format Version 12.00
Project("{FAE04EC0-301F-11D3-BF4B-00C04F79EFBC}") = "Future.Client", "Future.Client\Future.Client.csproj", "{C4FF940C-D607-441A-B769-575FD36BAA75}"
EndProject
Project("{FAE04EC0-301F-11D3-BF4B-00C04F79EFBC}") = "Future.Common", "Future.Common\Future.Common.csproj", "{DF9A1788-B4B2-4909-87BC-441BC6FF1D96}"
EndProject
Project("{FAE04EC0-301F-11D3-BF4B-00C04F79EFBC}") = "Future.Server", "Future.Server\Future.Server.csproj", "{38F2BD1B-74BA-4EB0-AF92-1CFDF7F37A2C}"
EndProject
Global
	GlobalSection(SolutionConfigurationPlatforms) = preSolution
		Debug|Any CPU = Debug|Any CPU
		Release|Any CPU = Release|Any CPU
	EndGlobalSection
	GlobalSection(ProjectConfigurationPlatforms) = postSolution
		{C4FF940C-D607-441A-B769-575FD36BAA75}.Debug|Any CPU.ActiveCfg = Debug|Any CPU
		{C4FF940C-D607-441A-B769-575FD36BAA75}.Debug|Any CPU.Build.0 = Debug|Any CPU
		{C4FF940C-D607-441A-B769-575FD36BAA75}.Release|Any CPU.ActiveCfg = Release|Any CPU
		{C4FF940C-D607-441A-B769-575FD36BAA75}.Release|Any CPU.Build.0 = Release|Any CPU
		{DF9A1788-B4B2-4909-87BC-441BC6FF1D96}.Debug|Any CPU.ActiveCfg = Debug|Any CPU
		{DF9A1788-B4B2-4909-87BC-441BC6FF1D96}.Debug|Any CPU.Build.0 = Debug|Any CPU
		{DF9A1788-B4B2-4909-87BC-441BC6FF1D96}.Release|Any CPU.ActiveCfg = Release|Any CPU
		{DF9A1788-B4B2-4909-87BC-441BC6FF1D96}.Release|Any CPU.Build.0 = Release|Any CPU
		{38F2BD1B-74BA-4EB0-AF92-1CFDF7F37A2C}.Debug|Any CPU.ActiveCfg = Debug|Any CPU
		{38F2BD1B-74BA-4EB0-AF92-1CFDF7F37A2C}.Debug|Any CPU.Build.0 = Debug|Any CPU
		{38F2BD1B-74BA-4EB0-AF92-1CFDF7F37A2C}.Release|Any CPU.ActiveCfg = Release|Any CPU
		{38F2BD1B-74BA-4EB0-AF92-1CFDF7F37A2C}.Release|Any CPU.Build.0 = Release|Any CPU
	EndGlobalSection
EndGlobal
