
Microsoft Visual Studio Solution File, Format Version 12.00
Project("{FAE04EC0-301F-11D3-BF4B-00C04F79EFBC}") = "Easel", "Easel\Easel.csproj", "{41C71ED6-7B5C-4F42-B34A-243101998E74}"
EndProject
Project("{FAE04EC0-301F-11D3-BF4B-00C04F79EFBC}") = "Pie.Windowing", "Pie\Pie.Windowing\Pie.Windowing.csproj", "{0763205F-C44B-4804-AB13-E6FC75A3D1FF}"
EndProject
Project("{FAE04EC0-301F-11D3-BF4B-00C04F79EFBC}") = "Pie", "Pie\Pie\Pie.csproj", "{84440321-78F2-4870-9E4D-18CD026DD4E8}"
EndProject
Project("{FAE04EC0-301F-11D3-BF4B-00C04F79EFBC}") = "Pie.Utils", "Pie\Pie.Utils\Pie.Utils.csproj", "{14D10AC7-D613-442F-8FF5-9E8184FC964F}"
EndProject
Project("{FAE04EC0-301F-11D3-BF4B-00C04F79EFBC}") = "Pie.ShaderCompiler", "Pie\Pie.ShaderCompiler\Pie.ShaderCompiler.csproj", "{3C967AC6-FDD3-441D-93BE-1AD69D68BAED}"
EndProject
Project("{FAE04EC0-301F-11D3-BF4B-00C04F79EFBC}") = "BulletSharp.DotNetCore", "BulletSharpPInvoke\BulletSharp\BulletSharp.DotNetCore.csproj", "{6388DBE6-D5A3-4ABA-B5A5-D76932EC20D3}"
EndProject
Project("{FAE04EC0-301F-11D3-BF4B-00C04F79EFBC}") = "Easel.ImGui", "Easel.ImGui\Easel.ImGui.csproj", "{256A2222-A3F2-4678-B39A-98625AE3B274}"
EndProject
Project("{FAE04EC0-301F-11D3-BF4B-00C04F79EFBC}") = "Pie.Freetype", "Pie\Pie.Freetype\Pie.Freetype.csproj", "{5D364965-C9F5-4E4C-8B9D-7342B4427804}"
EndProject
Project("{FAE04EC0-301F-11D3-BF4B-00C04F79EFBC}") = "Easel.Physics", "Easel.Physics\Easel.Physics.csproj", "{06B18F63-DF52-4134-9CD5-834585D6D62A}"
EndProject
Project("{FAE04EC0-301F-11D3-BF4B-00C04F79EFBC}") = "Easel.Tests", "Easel.Tests\Easel.Tests.csproj", "{329A244A-9B04-4312-8173-5B2A82D1830F}"
EndProject
Project("{FAE04EC0-301F-11D3-BF4B-00C04F79EFBC}") = "Easel.Editor", "Easel.Editor\Easel.Editor.csproj", "{DCFA5FB1-3664-41A8-A635-2B727509804B}"
EndProject
Project("{FAE04EC0-301F-11D3-BF4B-00C04F79EFBC}") = "Easel.Core", "Easel.Core\Easel.Core.csproj", "{ED12C30B-7203-407A-808B-62ECCE332BA3}"
EndProject
Project("{FAE04EC0-301F-11D3-BF4B-00C04F79EFBC}") = "Easel.Math", "Easel.Math\Easel.Math.csproj", "{20B8524F-1586-4AFE-864B-A7D879BB22D5}"
EndProject
Project("{FAE04EC0-301F-11D3-BF4B-00C04F79EFBC}") = "Easel.Graphics", "Easel.Graphics\Easel.Graphics.csproj", "{9224D18E-6D8B-431C-B3FF-63F739197AD6}"
EndProject
Global
	GlobalSection(SolutionConfigurationPlatforms) = preSolution
		Debug|Any CPU = Debug|Any CPU
		Release|Any CPU = Release|Any CPU
	EndGlobalSection
	GlobalSection(ProjectConfigurationPlatforms) = postSolution
		{41C71ED6-7B5C-4F42-B34A-243101998E74}.Debug|Any CPU.ActiveCfg = Debug|Any CPU
		{41C71ED6-7B5C-4F42-B34A-243101998E74}.Debug|Any CPU.Build.0 = Debug|Any CPU
		{41C71ED6-7B5C-4F42-B34A-243101998E74}.Release|Any CPU.ActiveCfg = Release|Any CPU
		{41C71ED6-7B5C-4F42-B34A-243101998E74}.Release|Any CPU.Build.0 = Release|Any CPU
		{0763205F-C44B-4804-AB13-E6FC75A3D1FF}.Debug|Any CPU.ActiveCfg = Debug|Any CPU
		{0763205F-C44B-4804-AB13-E6FC75A3D1FF}.Debug|Any CPU.Build.0 = Debug|Any CPU
		{0763205F-C44B-4804-AB13-E6FC75A3D1FF}.Release|Any CPU.ActiveCfg = Release|Any CPU
		{0763205F-C44B-4804-AB13-E6FC75A3D1FF}.Release|Any CPU.Build.0 = Release|Any CPU
		{84440321-78F2-4870-9E4D-18CD026DD4E8}.Debug|Any CPU.ActiveCfg = Debug|Any CPU
		{84440321-78F2-4870-9E4D-18CD026DD4E8}.Debug|Any CPU.Build.0 = Debug|Any CPU
		{84440321-78F2-4870-9E4D-18CD026DD4E8}.Release|Any CPU.ActiveCfg = Release|Any CPU
		{84440321-78F2-4870-9E4D-18CD026DD4E8}.Release|Any CPU.Build.0 = Release|Any CPU
		{14D10AC7-D613-442F-8FF5-9E8184FC964F}.Debug|Any CPU.ActiveCfg = Debug|Any CPU
		{14D10AC7-D613-442F-8FF5-9E8184FC964F}.Debug|Any CPU.Build.0 = Debug|Any CPU
		{14D10AC7-D613-442F-8FF5-9E8184FC964F}.Release|Any CPU.ActiveCfg = Release|Any CPU
		{14D10AC7-D613-442F-8FF5-9E8184FC964F}.Release|Any CPU.Build.0 = Release|Any CPU
		{3C967AC6-FDD3-441D-93BE-1AD69D68BAED}.Debug|Any CPU.ActiveCfg = Debug|Any CPU
		{3C967AC6-FDD3-441D-93BE-1AD69D68BAED}.Debug|Any CPU.Build.0 = Debug|Any CPU
		{3C967AC6-FDD3-441D-93BE-1AD69D68BAED}.Release|Any CPU.ActiveCfg = Release|Any CPU
		{3C967AC6-FDD3-441D-93BE-1AD69D68BAED}.Release|Any CPU.Build.0 = Release|Any CPU
		{EEC48DAA-F3DA-4677-8C8A-8865516329FD}.Debug|Any CPU.ActiveCfg = Debug|Any CPU
		{EEC48DAA-F3DA-4677-8C8A-8865516329FD}.Debug|Any CPU.Build.0 = Debug|Any CPU
		{EEC48DAA-F3DA-4677-8C8A-8865516329FD}.Release|Any CPU.ActiveCfg = Release|Any CPU
		{EEC48DAA-F3DA-4677-8C8A-8865516329FD}.Release|Any CPU.Build.0 = Release|Any CPU
		{6388DBE6-D5A3-4ABA-B5A5-D76932EC20D3}.Debug|Any CPU.ActiveCfg = Debug|Any CPU
		{6388DBE6-D5A3-4ABA-B5A5-D76932EC20D3}.Debug|Any CPU.Build.0 = Debug|Any CPU
		{6388DBE6-D5A3-4ABA-B5A5-D76932EC20D3}.Release|Any CPU.ActiveCfg = Release|Any CPU
		{6388DBE6-D5A3-4ABA-B5A5-D76932EC20D3}.Release|Any CPU.Build.0 = Release|Any CPU
		{256A2222-A3F2-4678-B39A-98625AE3B274}.Debug|Any CPU.ActiveCfg = Debug|Any CPU
		{256A2222-A3F2-4678-B39A-98625AE3B274}.Debug|Any CPU.Build.0 = Debug|Any CPU
		{256A2222-A3F2-4678-B39A-98625AE3B274}.Release|Any CPU.ActiveCfg = Release|Any CPU
		{256A2222-A3F2-4678-B39A-98625AE3B274}.Release|Any CPU.Build.0 = Release|Any CPU
		{5D364965-C9F5-4E4C-8B9D-7342B4427804}.Debug|Any CPU.ActiveCfg = Debug|Any CPU
		{5D364965-C9F5-4E4C-8B9D-7342B4427804}.Debug|Any CPU.Build.0 = Debug|Any CPU
		{5D364965-C9F5-4E4C-8B9D-7342B4427804}.Release|Any CPU.ActiveCfg = Release|Any CPU
		{5D364965-C9F5-4E4C-8B9D-7342B4427804}.Release|Any CPU.Build.0 = Release|Any CPU
		{06B18F63-DF52-4134-9CD5-834585D6D62A}.Debug|Any CPU.ActiveCfg = Debug|Any CPU
		{06B18F63-DF52-4134-9CD5-834585D6D62A}.Debug|Any CPU.Build.0 = Debug|Any CPU
		{06B18F63-DF52-4134-9CD5-834585D6D62A}.Release|Any CPU.ActiveCfg = Release|Any CPU
		{06B18F63-DF52-4134-9CD5-834585D6D62A}.Release|Any CPU.Build.0 = Release|Any CPU
		{329A244A-9B04-4312-8173-5B2A82D1830F}.Debug|Any CPU.ActiveCfg = Debug|Any CPU
		{329A244A-9B04-4312-8173-5B2A82D1830F}.Debug|Any CPU.Build.0 = Debug|Any CPU
		{329A244A-9B04-4312-8173-5B2A82D1830F}.Release|Any CPU.ActiveCfg = Release|Any CPU
		{329A244A-9B04-4312-8173-5B2A82D1830F}.Release|Any CPU.Build.0 = Release|Any CPU
		{DCFA5FB1-3664-41A8-A635-2B727509804B}.Debug|Any CPU.ActiveCfg = Debug|Any CPU
		{DCFA5FB1-3664-41A8-A635-2B727509804B}.Debug|Any CPU.Build.0 = Debug|Any CPU
		{DCFA5FB1-3664-41A8-A635-2B727509804B}.Release|Any CPU.ActiveCfg = Release|Any CPU
		{DCFA5FB1-3664-41A8-A635-2B727509804B}.Release|Any CPU.Build.0 = Release|Any CPU
		{ED12C30B-7203-407A-808B-62ECCE332BA3}.Debug|Any CPU.ActiveCfg = Debug|Any CPU
		{ED12C30B-7203-407A-808B-62ECCE332BA3}.Debug|Any CPU.Build.0 = Debug|Any CPU
		{ED12C30B-7203-407A-808B-62ECCE332BA3}.Release|Any CPU.ActiveCfg = Release|Any CPU
		{ED12C30B-7203-407A-808B-62ECCE332BA3}.Release|Any CPU.Build.0 = Release|Any CPU
		{20B8524F-1586-4AFE-864B-A7D879BB22D5}.Debug|Any CPU.ActiveCfg = Debug|Any CPU
		{20B8524F-1586-4AFE-864B-A7D879BB22D5}.Debug|Any CPU.Build.0 = Debug|Any CPU
		{20B8524F-1586-4AFE-864B-A7D879BB22D5}.Release|Any CPU.ActiveCfg = Release|Any CPU
		{20B8524F-1586-4AFE-864B-A7D879BB22D5}.Release|Any CPU.Build.0 = Release|Any CPU
		{9224D18E-6D8B-431C-B3FF-63F739197AD6}.Debug|Any CPU.ActiveCfg = Debug|Any CPU
		{9224D18E-6D8B-431C-B3FF-63F739197AD6}.Debug|Any CPU.Build.0 = Debug|Any CPU
		{9224D18E-6D8B-431C-B3FF-63F739197AD6}.Release|Any CPU.ActiveCfg = Release|Any CPU
		{9224D18E-6D8B-431C-B3FF-63F739197AD6}.Release|Any CPU.Build.0 = Release|Any CPU
	EndGlobalSection
EndGlobal
